# THIS IS AN AUTOGENERATED FILE. DO NOT EDIT THIS FILE DIRECTLY.
# yarn lockfile v1


reset-css@^5.0.1:
  version "5.0.1"
  resolved "https://registry.yarnpkg.com/reset-css/-/reset-css-5.0.1.tgz#1ced0604fdb6836567e40d82de3537afaf3bb4c8"
  integrity sha512-VyuJdNFfp5x/W6e5wauJM59C02Vs0P22sxzZGhQMPaqu/NGTeFxlBFOOw3eq9vQd19gIDdZp7zi89ylyKOJ33Q==
